{
  "name": "html-language-parser",
  "version": "1.0.0",
  "lockfileVersion": 1,
  "requires": true,
  "dependencies": {
    "@types/hast": {
      "version": "2.3.4",
      "resolved": "https://registry.npmjs.org/@types/hast/-/hast-2.3.4.tgz",
      "integrity": "sha512-wLEm0QvaoawEDoTRwzTXp4b4jpwiJDvR5KMnFnVodm3scufTlBOWRD6N1OBf9TZMhjlNsSfcO5V+7AF4+Vy+9g==",
      "requires": {
        "@types/unist": "*"
      }
    },
    "@types/parse5": {
      "version": "6.0.2",
      "resolved": "https://registry.npmjs.org/@types/parse5/-/parse5-6.0.2.tgz",
      "integrity": "sha512-+hQX+WyJAOne7Fh3zF5CxPemILIbuhNcqHHodzK9caYOLnC8pD5efmPleRnw0z++LfKUC/sVNMwk0Gap+B0baA=="
    },
    "@types/unist": {
      "version": "2.0.6",
      "resolved": "https://registry.npmjs.org/@types/unist/-/unist-2.0.6.tgz",
      "integrity": "sha512-PBjIUxZHOuj0R15/xuwJYjFi+KZdNFrehocChv4g5hu6aFroHue8m0lBP0POdK2nKzbw0cgV1mws8+V/JAcEkQ=="
    },
    "async": {
      "version": "2.6.3",
      "resolved": "https://registry.npmjs.org/async/-/async-2.6.3.tgz",
      "integrity": "sha512-zflvls11DCy+dQWzTW2dzuilv8Z5X/pjfmZOWba6TNIVDm+2UDaJmXSOXlasHKfNBs8oo3M0aT50fDEWfKZjXg==",
      "requires": {
        "lodash": "^4.17.14"
      }
    },
    "bail": {
      "version": "2.0.2",
      "resolved": "https://registry.npmjs.org/bail/-/bail-2.0.2.tgz",
      "integrity": "sha512-0xO6mYd7JB2YesxDKplafRpsiOzPt9V02ddPCLbY1xYGPOX24NTyN50qnUxgCPcSoYMhKpAuBTjQoRZCAkUDRw=="
    },
    "basic-auth": {
      "version": "2.0.1",
      "resolved": "https://registry.npmjs.org/basic-auth/-/basic-auth-2.0.1.tgz",
      "integrity": "sha512-NF+epuEdnUYVlGuhaxbbq+dvJttwLnGY+YixlXlME5KpQ5W3CnXA5cVTneY3SPbPDRkcjMbifrwmFYcClgOZeg==",
      "requires": {
        "safe-buffer": "5.1.2"
      }
    },
    "call-bind": {
      "version": "1.0.2",
      "resolved": "https://registry.npmjs.org/call-bind/-/call-bind-1.0.2.tgz",
      "integrity": "sha512-7O+FbCihrB5WGbFYesctwmTKae6rOiIzmz1icreWJ+0aA7LJfuqhEso2T9ncpcFtzMQtzXf2QGGueWJGTYsqrA==",
      "requires": {
        "function-bind": "^1.1.1",
        "get-intrinsic": "^1.0.2"
      }
    },
    "colors": {
      "version": "1.4.0",
      "resolved": "https://registry.npmjs.org/colors/-/colors-1.4.0.tgz",
      "integrity": "sha512-a+UqTh4kgZg/SlGvfbzDHpgRu7AAQOmmqRHJnxhRZICKFUT91brVhNNt58CMWU9PsBbv3PDCZUHbVxuDiH2mtA=="
    },
    "comma-separated-tokens": {
      "version": "2.0.2",
      "resolved": "https://registry.npmjs.org/comma-separated-tokens/-/comma-separated-tokens-2.0.2.tgz",
      "integrity": "sha512-G5yTt3KQN4Yn7Yk4ed73hlZ1evrFKXeUW3086p3PRFNp7m2vIjI6Pg+Kgb+oyzhd9F2qdcoj67+y3SdxL5XWsg=="
    },
    "corser": {
      "version": "2.0.1",
      "resolved": "https://registry.npmjs.org/corser/-/corser-2.0.1.tgz",
      "integrity": "sha1-jtolLsqrWEDc2XXOuQ2TcMgZ/4c="
    },
    "debug": {
      "version": "3.2.7",
      "resolved": "https://registry.npmjs.org/debug/-/debug-3.2.7.tgz",
      "integrity": "sha512-CFjzYYAi4ThfiQvizrFQevTTXHtnCqWfe7x1AhgEscTz6ZbLbfoLRLPugTQyBth6f8ZERVUSyWHFD/7Wu4t1XQ==",
      "requires": {
        "ms": "^2.1.1"
      }
    },
    "eventemitter3": {
      "version": "4.0.7",
      "resolved": "https://registry.npmjs.org/eventemitter3/-/eventemitter3-4.0.7.tgz",
      "integrity": "sha512-8guHBZCwKnFhYdHr2ysuRWErTwhoN2X8XELRlrRwpmfeY2jjuUN4taQMsULKUVo1K4DvZl+0pgfyoysHxvmvEw=="
    },
    "extend": {
      "version": "3.0.2",
      "resolved": "https://registry.npmjs.org/extend/-/extend-3.0.2.tgz",
      "integrity": "sha512-fjquC59cD7CyW6urNXK0FBufkZcoiGG80wTuPujX590cB5Ttln20E2UB4S/WARVqhXffZl2LNgS+gQdPIIim/g=="
    },
    "follow-redirects": {
      "version": "1.14.5",
      "resolved": "https://registry.npmjs.org/follow-redirects/-/follow-redirects-1.14.5.tgz",
      "integrity": "sha512-wtphSXy7d4/OR+MvIFbCVBDzZ5520qV8XfPklSN5QtxuMUJZ+b0Wnst1e1lCDocfzuCkHqj8k0FpZqO+UIaKNA=="
    },
    "function-bind": {
      "version": "1.1.1",
      "resolved": "https://registry.npmjs.org/function-bind/-/function-bind-1.1.1.tgz",
      "integrity": "sha512-yIovAzMX49sF8Yl58fSCWJ5svSLuaibPxXQJFLmBObTuCr0Mf1KiPopGM9NiFjiYBCbfaa2Fh6breQ6ANVTI0A=="
    },
    "get-intrinsic": {
      "version": "1.1.1",
      "resolved": "https://registry.npmjs.org/get-intrinsic/-/get-intrinsic-1.1.1.tgz",
      "integrity": "sha512-kWZrnVM42QCiEA2Ig1bG8zjoIMOgxWwYCEeNdwY6Tv/cOSeGpcoX4pXHfKUxNKVoArnrEr2e9srnAxxGIraS9Q==",
      "requires": {
        "function-bind": "^1.1.1",
        "has": "^1.0.3",
        "has-symbols": "^1.0.1"
      }
    },
    "has": {
      "version": "1.0.3",
      "resolved": "https://registry.npmjs.org/has/-/has-1.0.3.tgz",
      "integrity": "sha512-f2dvO0VU6Oej7RkWJGrehjbzMAjFp5/VKPp5tTpWIV4JHHZK1/BxbFRtf/siA2SWTe09caDmVtYYzWEIbBS4zw==",
      "requires": {
        "function-bind": "^1.1.1"
      }
    },
    "has-symbols": {
      "version": "1.0.2",
      "resolved": "https://registry.npmjs.org/has-symbols/-/has-symbols-1.0.2.tgz",
      "integrity": "sha512-chXa79rL/UC2KlX17jo3vRGz0azaWEx5tGqZg5pO3NUyEJVB17dMruQlzCCOfUvElghKcm5194+BCRvi2Rv/Gw=="
    },
    "hast-util-from-parse5": {
      "version": "7.1.0",
      "resolved": "https://registry.npmjs.org/hast-util-from-parse5/-/hast-util-from-parse5-7.1.0.tgz",
      "integrity": "sha512-m8yhANIAccpU4K6+121KpPP55sSl9/samzQSQGpb0mTExcNh2WlvjtMwSWFhg6uqD4Rr6Nfa8N6TMypQM51rzQ==",
      "requires": {
        "@types/hast": "^2.0.0",
        "@types/parse5": "^6.0.0",
        "@types/unist": "^2.0.0",
        "hastscript": "^7.0.0",
        "property-information": "^6.0.0",
        "vfile": "^5.0.0",
        "vfile-location": "^4.0.0",
        "web-namespaces": "^2.0.0"
      }
    },
    "hast-util-parse-selector": {
      "version": "3.1.0",
      "resolved": "https://registry.npmjs.org/hast-util-parse-selector/-/hast-util-parse-selector-3.1.0.tgz",
      "integrity": "sha512-AyjlI2pTAZEOeu7GeBPZhROx0RHBnydkQIXlhnFzDi0qfXTmGUWoCYZtomHbrdrheV4VFUlPcfJ6LMF5T6sQzg==",
      "requires": {
        "@types/hast": "^2.0.0"
      }
    },
    "hastscript": {
      "version": "7.0.2",
      "resolved": "https://registry.npmjs.org/hastscript/-/hastscript-7.0.2.tgz",
      "integrity": "sha512-uA8ooUY4ipaBvKcMuPehTAB/YfFLSSzCwFSwT6ltJbocFUKH/GDHLN+tflq7lSRf9H86uOuxOFkh1KgIy3Gg2g==",
      "requires": {
        "@types/hast": "^2.0.0",
        "comma-separated-tokens": "^2.0.0",
        "hast-util-parse-selector": "^3.0.0",
        "property-information": "^6.0.0",
        "space-separated-tokens": "^2.0.0"
      }
    },
    "he": {
      "version": "1.2.0",
      "resolved": "https://registry.npmjs.org/he/-/he-1.2.0.tgz",
      "integrity": "sha512-F/1DnUGPopORZi0ni+CvrCgHQ5FyEAHRLSApuYWMmrbSwoN2Mn/7k+Gl38gJnR7yyDZk6WLXwiGod1JOWNDKGw=="
    },
    "html-encoding-sniffer": {
      "version": "3.0.0",
      "resolved": "https://registry.npmjs.org/html-encoding-sniffer/-/html-encoding-sniffer-3.0.0.tgz",
      "integrity": "sha512-oWv4T4yJ52iKrufjnyZPkrN0CH3QnrUqdB6In1g5Fe1mia8GmF36gnfNySxoZtxD5+NmYw1EElVXiBk93UeskA==",
      "requires": {
        "whatwg-encoding": "^2.0.0"
      }
    },
    "http-proxy": {
      "version": "1.18.1",
      "resolved": "https://registry.npmjs.org/http-proxy/-/http-proxy-1.18.1.tgz",
      "integrity": "sha512-7mz/721AbnJwIVbnaSv1Cz3Am0ZLT/UBwkC92VlxhXv/k/BBQfM2fXElQNC27BVGr0uwUpplYPQM9LnaBMR5NQ==",
      "requires": {
        "eventemitter3": "^4.0.0",
        "follow-redirects": "^1.0.0",
        "requires-port": "^1.0.0"
      }
    },
    "http-server": {
      "version": "14.0.0",
      "resolved": "https://registry.npmjs.org/http-server/-/http-server-14.0.0.tgz",
      "integrity": "sha512-XTePIXAo5x72bI8SlKFSqsg7UuSHwsOa4+RJIe56YeMUvfTvGDy7TxFkTEhfIRmM/Dnf6x29ut541ythSBZdkQ==",
      "requires": {
        "basic-auth": "^2.0.1",
        "colors": "^1.4.0",
        "corser": "^2.0.1",
        "he": "^1.2.0",
        "html-encoding-sniffer": "^3.0.0",
        "http-proxy": "^1.18.1",
        "mime": "^1.6.0",
        "minimist": "^1.2.5",
        "opener": "^1.5.1",
        "portfinder": "^1.0.28",
        "secure-compare": "3.0.1",
        "union": "~0.5.0",
        "url-join": "^4.0.1"
      }
    },
    "iconv-lite": {
      "version": "0.6.3",
      "resolved": "https://registry.npmjs.org/iconv-lite/-/iconv-lite-0.6.3.tgz",
      "integrity": "sha512-4fCk79wshMdzMp2rH06qWrJE4iolqLhCUH+OiuIgU++RB0+94NlDL81atO7GX55uUKueo0txHNtvEyI6D7WdMw==",
      "requires": {
        "safer-buffer": ">= 2.1.2 < 3.0.0"
      }
    },
    "is-buffer": {
      "version": "2.0.5",
      "resolved": "https://registry.npmjs.org/is-buffer/-/is-buffer-2.0.5.tgz",
      "integrity": "sha512-i2R6zNFDwgEHJyQUtJEk0XFi1i0dPFn/oqjK3/vPCcDeJvW5NQ83V8QbicfF1SupOaB0h8ntgBC2YiE7dfyctQ=="
    },
    "is-plain-obj": {
      "version": "4.0.0",
      "resolved": "https://registry.npmjs.org/is-plain-obj/-/is-plain-obj-4.0.0.tgz",
      "integrity": "sha512-NXRbBtUdBioI73y/HmOhogw/U5msYPC9DAtGkJXeFcFWSFZw0mCUsPxk/snTuJHzNKA8kLBK4rH97RMB1BfCXw=="
    },
    "lodash": {
      "version": "4.17.21",
      "resolved": "https://registry.npmjs.org/lodash/-/lodash-4.17.21.tgz",
      "integrity": "sha512-v2kDEe57lecTulaDIuNTPy3Ry4gLGJ6Z1O3vE1krgXZNrsQ+LFTGHVxVjcXPs17LhbZVGedAJv8XZ1tvj5FvSg=="
    },
    "mime": {
      "version": "1.6.0",
      "resolved": "https://registry.npmjs.org/mime/-/mime-1.6.0.tgz",
      "integrity": "sha512-x0Vn8spI+wuJ1O6S7gnbaQg8Pxh4NNHb7KSINmEWKiPE4RKOplvijn+NkmYmmRgP68mc70j2EbeTFRsrswaQeg=="
    },
    "minimist": {
      "version": "1.2.5",
      "resolved": "https://registry.npmjs.org/minimist/-/minimist-1.2.5.tgz",
      "integrity": "sha512-FM9nNUYrRBAELZQT3xeZQ7fmMOBg6nWNmJKTcgsJeaLstP/UODVpGsr5OhXhhXg6f+qtJ8uiZ+PUxkDWcgIXLw=="
    },
    "mkdirp": {
      "version": "0.5.5",
      "resolved": "https://registry.npmjs.org/mkdirp/-/mkdirp-0.5.5.tgz",
      "integrity": "sha512-NKmAlESf6jMGym1++R0Ra7wvhV+wFW63FaSOFPwRahvea0gMUcGUhVeAg/0BC0wiv9ih5NYPB1Wn1UEI1/L+xQ==",
      "requires": {
        "minimist": "^1.2.5"
      }
    },
    "ms": {
      "version": "2.1.3",
      "resolved": "https://registry.npmjs.org/ms/-/ms-2.1.3.tgz",
      "integrity": "sha512-6FlzubTLZG3J2a/NVCAleEhjzq5oxgHyaCU9yYXvcLsvoVaHJq/s5xXI6/XXP6tz7R9xAOtHnSO/tXtF3WRTlA=="
    },
    "object-inspect": {
      "version": "1.11.0",
      "resolved": "https://registry.npmjs.org/object-inspect/-/object-inspect-1.11.0.tgz",
      "integrity": "sha512-jp7ikS6Sd3GxQfZJPyH3cjcbJF6GZPClgdV+EFygjFLQ5FmW/dRUnTd9PQ9k0JhoNDabWFbpF1yCdSWCC6gexg=="
    },
    "opener": {
      "version": "1.5.2",
      "resolved": "https://registry.npmjs.org/opener/-/opener-1.5.2.tgz",
      "integrity": "sha512-ur5UIdyw5Y7yEj9wLzhqXiy6GZ3Mwx0yGI+5sMn2r0N0v3cKJvUmFH5yPP+WXh9e0xfyzyJX95D8l088DNFj7A=="
    },
    "parse5": {
      "version": "6.0.1",
      "resolved": "https://registry.npmjs.org/parse5/-/parse5-6.0.1.tgz",
      "integrity": "sha512-Ofn/CTFzRGTTxwpNEs9PP93gXShHcTq255nzRYSKe8AkVpZY7e1fpmTfOyoIvjP5HG7Z2ZM7VS9PPhQGW2pOpw=="
    },
    "portfinder": {
      "version": "1.0.28",
      "resolved": "https://registry.npmjs.org/portfinder/-/portfinder-1.0.28.tgz",
      "integrity": "sha512-Se+2isanIcEqf2XMHjyUKskczxbPH7dQnlMjXX6+dybayyHvAf/TCgyMRlzf/B6QDhAEFOGes0pzRo3by4AbMA==",
      "requires": {
        "async": "^2.6.2",
        "debug": "^3.1.1",
        "mkdirp": "^0.5.5"
      }
    },
    "property-information": {
      "version": "6.1.1",
      "resolved": "https://registry.npmjs.org/property-information/-/property-information-6.1.1.tgz",
      "integrity": "sha512-hrzC564QIl0r0vy4l6MvRLhafmUowhO/O3KgVSoXIbbA2Sz4j8HGpJc6T2cubRVwMwpdiG/vKGfhT4IixmKN9w=="
    },
    "qs": {
      "version": "6.10.1",
      "resolved": "https://registry.npmjs.org/qs/-/qs-6.10.1.tgz",
      "integrity": "sha512-M528Hph6wsSVOBiYUnGf+K/7w0hNshs/duGsNXPUCLH5XAqjEtiPGwNONLV0tBH8NoGb0mvD5JubnUTrujKDTg==",
      "requires": {
        "side-channel": "^1.0.4"
      }
    },
    "rehype-parse": {
      "version": "8.0.3",
      "resolved": "https://registry.npmjs.org/rehype-parse/-/rehype-parse-8.0.3.tgz",
      "integrity": "sha512-RGw0CVt+0S6KdvpE8bbP2Db9WXclQcIX7A0ufM3QFqAhTo/ddJMQrrI2j3cijlRPZlGK8R3pRgC8U5HyV76IDw==",
      "requires": {
        "@types/hast": "^2.0.0",
        "hast-util-from-parse5": "^7.0.0",
        "parse5": "^6.0.0",
        "unified": "^10.0.0"
      }
    },
    "requires-port": {
      "version": "1.0.0",
      "resolved": "https://registry.npmjs.org/requires-port/-/requires-port-1.0.0.tgz",
      "integrity": "sha1-kl0mAdOaxIXgkc8NpcbmlNw9yv8="
    },
    "safe-buffer": {
      "version": "5.1.2",
      "resolved": "https://registry.npmjs.org/safe-buffer/-/safe-buffer-5.1.2.tgz",
      "integrity": "sha512-Gd2UZBJDkXlY7GbJxfsE8/nvKkUEU1G38c1siN6QP6a9PT9MmHB8GnpscSmMJSoF8LOIrt8ud/wPtojys4G6+g=="
    },
    "safer-buffer": {
      "version": "2.1.2",
      "resolved": "https://registry.npmjs.org/safer-buffer/-/safer-buffer-2.1.2.tgz",
      "integrity": "sha512-YZo3K82SD7Riyi0E1EQPojLz7kpepnSQI9IyPbHHg1XXXevb5dJI7tpyN2ADxGcQbHG7vcyRHk0cbwqcQriUtg=="
    },
    "secure-compare": {
      "version": "3.0.1",
      "resolved": "https://registry.npmjs.org/secure-compare/-/secure-compare-3.0.1.tgz",
      "integrity": "sha1-8aAymzCLIh+uN7mXTz1XjQypmeM="
    },
    "side-channel": {
      "version": "1.0.4",
      "resolved": "https://registry.npmjs.org/side-channel/-/side-channel-1.0.4.tgz",
      "integrity": "sha512-q5XPytqFEIKHkGdiMIrY10mvLRvnQh42/+GoBlFW3b2LXLE2xxJpZFdm94we0BaoV3RwJyGqg5wS7epxTv0Zvw==",
      "requires": {
        "call-bind": "^1.0.0",
        "get-intrinsic": "^1.0.2",
        "object-inspect": "^1.9.0"
      }
    },
    "space-separated-tokens": {
      "version": "2.0.1",
      "resolved": "https://registry.npmjs.org/space-separated-tokens/-/space-separated-tokens-2.0.1.tgz",
      "integrity": "sha512-ekwEbFp5aqSPKaqeY1PGrlGQxPNaq+Cnx4+bE2D8sciBQrHpbwoBbawqTN2+6jPs9IdWxxiUcN0K2pkczD3zmw=="
    },
    "trough": {
      "version": "2.0.2",
      "resolved": "https://registry.npmjs.org/trough/-/trough-2.0.2.tgz",
      "integrity": "sha512-FnHq5sTMxC0sk957wHDzRnemFnNBvt/gSY99HzK8F7UP5WAbvP70yX5bd7CjEQkN+TjdxwI7g7lJ6podqrG2/w=="
    },
    "unified": {
      "version": "10.1.0",
      "resolved": "https://registry.npmjs.org/unified/-/unified-10.1.0.tgz",
      "integrity": "sha512-4U3ru/BRXYYhKbwXV6lU6bufLikoAavTwev89H5UxY8enDFaAT2VXmIXYNm6hb5oHPng/EXr77PVyDFcptbk5g==",
      "requires": {
        "@types/unist": "^2.0.0",
        "bail": "^2.0.0",
        "extend": "^3.0.0",
        "is-buffer": "^2.0.0",
        "is-plain-obj": "^4.0.0",
        "trough": "^2.0.0",
        "vfile": "^5.0.0"
      }
    },
    "union": {
      "version": "0.5.0",
      "resolved": "https://registry.npmjs.org/union/-/union-0.5.0.tgz",
      "integrity": "sha512-N6uOhuW6zO95P3Mel2I2zMsbsanvvtgn6jVqJv4vbVcz/JN0OkL9suomjQGmWtxJQXOCqUJvquc1sMeNz/IwlA==",
      "requires": {
        "qs": "^6.4.0"
      }
    },
    "unist-util-is": {
      "version": "5.1.1",
      "resolved": "https://registry.npmjs.org/unist-util-is/-/unist-util-is-5.1.1.tgz",
      "integrity": "sha512-F5CZ68eYzuSvJjGhCLPL3cYx45IxkqXSetCcRgUXtbcm50X2L9oOWQlfUfDdAf+6Pd27YDblBfdtmsThXmwpbQ=="
    },
    "unist-util-stringify-position": {
      "version": "3.0.0",
      "resolved": "https://registry.npmjs.org/unist-util-stringify-position/-/unist-util-stringify-position-3.0.0.tgz",
      "integrity": "sha512-SdfAl8fsDclywZpfMDTVDxA2V7LjtRDTOFd44wUJamgl6OlVngsqWjxvermMYf60elWHbxhuRCZml7AnuXCaSA==",
      "requires": {
        "@types/unist": "^2.0.0"
      }
    },
    "unist-util-visit": {
      "version": "4.1.0",
      "resolved": "https://registry.npmjs.org/unist-util-visit/-/unist-util-visit-4.1.0.tgz",
      "integrity": "sha512-n7lyhFKJfVZ9MnKtqbsqkQEk5P1KShj0+//V7mAcoI6bpbUjh3C/OG8HVD+pBihfh6Ovl01m8dkcv9HNqYajmQ==",
      "requires": {
        "@types/unist": "^2.0.0",
        "unist-util-is": "^5.0.0",
        "unist-util-visit-parents": "^5.0.0"
      }
    },
    "unist-util-visit-parents": {
      "version": "5.1.0",
      "resolved": "https://registry.npmjs.org/unist-util-visit-parents/-/unist-util-visit-parents-5.1.0.tgz",
      "integrity": "sha512-y+QVLcY5eR/YVpqDsLf/xh9R3Q2Y4HxkZTp7ViLDU6WtJCEcPmRzW1gpdWDCDIqIlhuPDXOgttqPlykrHYDekg==",
      "requires": {
        "@types/unist": "^2.0.0",
        "unist-util-is": "^5.0.0"
      }
    },
    "url-join": {
      "version": "4.0.1",
      "resolved": "https://registry.npmjs.org/url-join/-/url-join-4.0.1.tgz",
      "integrity": "sha512-jk1+QP6ZJqyOiuEI9AEWQfju/nB2Pw466kbA0LEZljHwKeMgd9WrAEgEGxjPDD2+TNbbb37rTyhEfrCXfuKXnA=="
    },
    "vfile": {
      "version": "5.2.0",
      "resolved": "https://registry.npmjs.org/vfile/-/vfile-5.2.0.tgz",
      "integrity": "sha512-ftCpb6pU8Jrzcqku8zE6N3Gi4/RkDhRwEXSWudzZzA2eEOn/cBpsfk9aulCUR+j1raRSAykYQap9u6j6rhUaCA==",
      "requires": {
        "@types/unist": "^2.0.0",
        "is-buffer": "^2.0.0",
        "unist-util-stringify-position": "^3.0.0",
        "vfile-message": "^3.0.0"
      }
    },
    "vfile-location": {
      "version": "4.0.1",
      "resolved": "https://registry.npmjs.org/vfile-location/-/vfile-location-4.0.1.tgz",
      "integrity": "sha512-JDxPlTbZrZCQXogGheBHjbRWjESSPEak770XwWPfw5mTc1v1nWGLB/apzZxsx8a0SJVfF8HK8ql8RD308vXRUw==",
      "requires": {
        "@types/unist": "^2.0.0",
        "vfile": "^5.0.0"
      }
    },
    "vfile-message": {
      "version": "3.0.2",
      "resolved": "https://registry.npmjs.org/vfile-message/-/vfile-message-3.0.2.tgz",
      "integrity": "sha512-UUjZYIOg9lDRwwiBAuezLIsu9KlXntdxwG+nXnjuQAHvBpcX3x0eN8h+I7TkY5nkCXj+cWVp4ZqebtGBvok8ww==",
      "requires": {
        "@types/unist": "^2.0.0",
        "unist-util-stringify-position": "^3.0.0"
      }
    },
    "web-namespaces": {
      "version": "2.0.1",
      "resolved": "https://registry.npmjs.org/web-namespaces/-/web-namespaces-2.0.1.tgz",
      "integrity": "sha512-bKr1DkiNa2krS7qxNtdrtHAmzuYGFQLiQ13TsorsdT6ULTkPLKuu5+GsFpDlg6JFjUTwX2DyhMPG2be8uPrqsQ=="
    },
    "whatwg-encoding": {
      "version": "2.0.0",
      "resolved": "https://registry.npmjs.org/whatwg-encoding/-/whatwg-encoding-2.0.0.tgz",
      "integrity": "sha512-p41ogyeMUrw3jWclHWTQg1k05DSVXPLcVxRTYsXUk+ZooOCZLcoYgPZ/HL/D/N+uQPOtcp1me1WhBEaX02mhWg==",
      "requires": {
        "iconv-lite": "0.6.3"
      }
    }
  }
}
